
Microsoft Visual Studio Solution File, Format Version 12.00
# Visual Studio Version 16
VisualStudioVersion = 16.0.33423.256
MinimumVisualStudioVersion = 10.0.40219.1
Project("{9A19103F-16F7-4668-BE54-9A1E7A4F7556}") = "Movies.Api", "Movies.Api\Movies.Api.csproj", "{7F5DCCE7-B32D-45E3-B672-461D0ED13B81}"
EndProject
Project("{9A19103F-16F7-4668-BE54-9A1E7A4F7556}") = "IdentityServer", "IdentityServer\IdentityServer.csproj", "{8355C310-320D-42A9-B3D2-E0A994E2A84A}"
EndProject
Project("{9A19103F-16F7-4668-BE54-9A1E7A4F7556}") = "Movies.Client", "Movies.Client\Movies.Client.csproj", "{FE9213F8-A237-4DF9-A877-1623F2D5E35C}"
EndProject
Project("{FAE04EC0-301F-11D3-BF4B-00C04F79EFBC}") = "ApiGateway", "ApiGateway\ApiGateway.csproj", "{8FBEF495-05E2-4C54-A122-D81476512267}"
EndProject
Global
	GlobalSection(SolutionConfigurationPlatforms) = preSolution
		Debug|Any CPU = Debug|Any CPU
		Release|Any CPU = Release|Any CPU
	EndGlobalSection
	GlobalSection(ProjectConfigurationPlatforms) = postSolution
		{7F5DCCE7-B32D-45E3-B672-461D0ED13B81}.Debug|Any CPU.ActiveCfg = Debug|Any CPU
		{7F5DCCE7-B32D-45E3-B672-461D0ED13B81}.Debug|Any CPU.Build.0 = Debug|Any CPU
		{7F5DCCE7-B32D-45E3-B672-461D0ED13B81}.Release|Any CPU.ActiveCfg = Release|Any CPU
		{7F5DCCE7-B32D-45E3-B672-461D0ED13B81}.Release|Any CPU.Build.0 = Release|Any CPU
		{8355C310-320D-42A9-B3D2-E0A994E2A84A}.Debug|Any CPU.ActiveCfg = Debug|Any CPU
		{8355C310-320D-42A9-B3D2-E0A994E2A84A}.Debug|Any CPU.Build.0 = Debug|Any CPU
		{8355C310-320D-42A9-B3D2-E0A994E2A84A}.Release|Any CPU.ActiveCfg = Release|Any CPU
		{8355C310-320D-42A9-B3D2-E0A994E2A84A}.Release|Any CPU.Build.0 = Release|Any CPU
		{FE9213F8-A237-4DF9-A877-1623F2D5E35C}.Debug|Any CPU.ActiveCfg = Debug|Any CPU
		{FE9213F8-A237-4DF9-A877-1623F2D5E35C}.Debug|Any CPU.Build.0 = Debug|Any CPU
		{FE9213F8-A237-4DF9-A877-1623F2D5E35C}.Release|Any CPU.ActiveCfg = Release|Any CPU
		{FE9213F8-A237-4DF9-A877-1623F2D5E35C}.Release|Any CPU.Build.0 = Release|Any CPU
		{8FBEF495-05E2-4C54-A122-D81476512267}.Debug|Any CPU.ActiveCfg = Debug|Any CPU
		{8FBEF495-05E2-4C54-A122-D81476512267}.Debug|Any CPU.Build.0 = Debug|Any CPU
		{8FBEF495-05E2-4C54-A122-D81476512267}.Release|Any CPU.ActiveCfg = Release|Any CPU
		{8FBEF495-05E2-4C54-A122-D81476512267}.Release|Any CPU.Build.0 = Release|Any CPU
	EndGlobalSection
	GlobalSection(SolutionProperties) = preSolution
		HideSolutionNode = FALSE
	EndGlobalSection
	GlobalSection(ExtensibilityGlobals) = postSolution
		SolutionGuid = {49FFDE7D-1763-4F83-9B81-3BFD1BDB0F2D}
	EndGlobalSection
EndGlobal
